PODS:
  - FMDB/SQLCipher (2.6):
    - SQLCipher
  - NetworkEye (1.0.1):
    - FMDB/SQLCipher (~> 2.5)
  - SQLCipher (3.1.0):
    - SQLCipher/standard (= 3.1.0)
  - SQLCipher/common (3.1.0)
  - SQLCipher/standard (3.1.0):
    - SQLCipher/common

DEPENDENCIES:
  - NetworkEye (~> 1.0.1)

SPEC CHECKSUMS:
  FMDB: c1968bab3ab0aed38f66cb778ae1e7fa9a652b6e
  NetworkEye: e9345b8a9c369543ab86f9b9f8a88b206d1fd94c
  SQLCipher: 4684434d5791db86512cd7e02172aefba575849e

COCOAPODS: 0.39.0
